// !$*UTF8*$!
{
	archiveVersion = 1;
	classes = {
	};
	objectVersion = 46;
	objects = {

/* Begin PBXBuildFile section */
		2F8DD9CFB15642451785FC72 /* Pods_kumar_p.framework in Frameworks */ = {isa = PBXBuildFile; fileRef = B8388DBF3AD7470483286982 /* Pods_kumar_p.framework */; };
		886593101F118323002884D5 /* background_iphone7_top-01.png in Resources */ = {isa = PBXBuildFile; fileRef = 8865930F1F118323002884D5 /* background_iphone7_top-01.png */; };
		886593141F118370002884D5 /* botton_top.png in Resources */ = {isa = PBXBuildFile; fileRef = 886593131F118370002884D5 /* botton_top.png */; };
		88D839771F11198F00D4A26C /* AppDelegate.swift in Sources */ = {isa = PBXBuildFile; fileRef = 88D839761F11198F00D4A26C /* AppDelegate.swift */; };
		88D839791F11198F00D4A26C /* ViewController.swift in Sources */ = {isa = PBXBuildFile; fileRef = 88D839781F11198F00D4A26C /* ViewController.swift */; };
		88D8397C1F11198F00D4A26C /* Main.storyboard in Resources */ = {isa = PBXBuildFile; fileRef = 88D8397A1F11198F00D4A26C /* Main.storyboard */; };
		88D8397E1F11198F00D4A26C /* Assets.xcassets in Resources */ = {isa = PBXBuildFile; fileRef = 88D8397D1F11198F00D4A26C /* Assets.xcassets */; };
		88D839811F11198F00D4A26C /* LaunchScreen.storyboard in Resources */ = {isa = PBXBuildFile; fileRef = 88D8397F1F11198F00D4A26C /* LaunchScreen.storyboard */; };
		88D8398C1F11198F00D4A26C /* kumar_pTests.swift in Sources */ = {isa = PBXBuildFile; fileRef = 88D8398B1F11198F00D4A26C /* kumar_pTests.swift */; };
		88D839971F11198F00D4A26C /* kumar_pUITests.swift in Sources */ = {isa = PBXBuildFile; fileRef = 88D839961F11198F00D4A26C /* kumar_pUITests.swift */; };
		88D839A51F111D5200D4A26C /* massageViewController.swift in Sources */ = {isa = PBXBuildFile; fileRef = 88D839A41F111D5200D4A26C /* massageViewController.swift */; };
		88D839A71F111E6A00D4A26C /* mapViewController.swift in Sources */ = {isa = PBXBuildFile; fileRef = 88D839A61F111E6A00D4A26C /* mapViewController.swift */; };
		88D839AA1F111F5E00D4A26C /* MapKit.framework in Frameworks */ = {isa = PBXBuildFile; fileRef = 88D839A91F111F5E00D4A26C /* MapKit.framework */; };
		88D839AF1F1127D200D4A26C /* boy.png in Resources */ = {isa = PBXBuildFile; fileRef = 88D839AE1F1127D200D4A26C /* boy.png */; };
		88D839B51F112ADA00D4A26C /* haguruma.png in Resources */ = {isa = PBXBuildFile; fileRef = 88D839B41F112ADA00D4A26C /* haguruma.png */; };
		88D839B81F1130E500D4A26C /* JSQMessagesViewController.framework in Frameworks */ = {isa = PBXBuildFile; fileRef = 88D839B61F1130E500D4A26C /* JSQMessagesViewController.framework */; settings = {ATTRIBUTES = (Required, ); }; };
		88D839B91F1130E500D4A26C /* JSQSystemSoundPlayer.framework in Frameworks */ = {isa = PBXBuildFile; fileRef = 88D839B71F1130E500D4A26C /* JSQSystemSoundPlayer.framework */; };
		88D839C01F113F9F00D4A26C /* speaking.png in Resources */ = {isa = PBXBuildFile; fileRef = 88D839BF1F113F9F00D4A26C /* speaking.png */; };
		88D839C41F11404D00D4A26C /* map.png in Resources */ = {isa = PBXBuildFile; fileRef = 88D839C31F11404D00D4A26C /* map.png */; };
		88D839C61F1140CA00D4A26C /* background.png in Resources */ = {isa = PBXBuildFile; fileRef = 88D839C51F1140CA00D4A26C /* background.png */; };
		88D839CA1F11463E00D4A26C /* speaking2.png in Resources */ = {isa = PBXBuildFile; fileRef = 88D839C91F11463E00D4A26C /* speaking2.png */; };
		88D839CC1F11464300D4A26C /* map2.png in Resources */ = {isa = PBXBuildFile; fileRef = 88D839CB1F11464300D4A26C /* map2.png */; };
/* End PBXBuildFile section */

/* Begin PBXContainerItemProxy section */
		88D839881F11198F00D4A26C /* PBXContainerItemProxy */ = {
			isa = PBXContainerItemProxy;
			containerPortal = 88D8396B1F11198F00D4A26C /* Project object */;
			proxyType = 1;
			remoteGlobalIDString = 88D839721F11198F00D4A26C;
			remoteInfo = kumar_p;
		};
		88D839931F11198F00D4A26C /* PBXContainerItemProxy */ = {
			isa = PBXContainerItemProxy;
			containerPortal = 88D8396B1F11198F00D4A26C /* Project object */;
			proxyType = 1;
			remoteGlobalIDString = 88D839721F11198F00D4A26C;
			remoteInfo = kumar_p;
		};
/* End PBXContainerItemProxy section */

/* Begin PBXFileReference section */
		6002605039CE855405155D57 /* Pods-kumar_p.debug.xcconfig */ = {isa = PBXFileReference; includeInIndex = 1; lastKnownFileType = text.xcconfig; name = "Pods-kumar_p.debug.xcconfig"; path = "Pods/Target Support Files/Pods-kumar_p/Pods-kumar_p.debug.xcconfig"; sourceTree = "<group>"; };
		8865930F1F118323002884D5 /* background_iphone7_top-01.png */ = {isa = PBXFileReference; lastKnownFileType = image.png; path = "background_iphone7_top-01.png"; sourceTree = "<group>"; };
		886593131F118370002884D5 /* botton_top.png */ = {isa = PBXFileReference; lastKnownFileType = image.png; path = botton_top.png; sourceTree = "<group>"; };
		88D839731F11198F00D4A26C /* kumar_p.app */ = {isa = PBXFileReference; explicitFileType = wrapper.application; includeInIndex = 0; path = kumar_p.app; sourceTree = BUILT_PRODUCTS_DIR; };
		88D839761F11198F00D4A26C /* AppDelegate.swift */ = {isa = PBXFileReference; lastKnownFileType = sourcecode.swift; path = AppDelegate.swift; sourceTree = "<group>"; };
		88D839781F11198F00D4A26C /* ViewController.swift */ = {isa = PBXFileReference; lastKnownFileType = sourcecode.swift; path = ViewController.swift; sourceTree = "<group>"; };
		88D8397B1F11198F00D4A26C /* Base */ = {isa = PBXFileReference; lastKnownFileType = file.storyboard; name = Base; path = Base.lproj/Main.storyboard; sourceTree = "<group>"; };
		88D8397D1F11198F00D4A26C /* Assets.xcassets */ = {isa = PBXFileReference; lastKnownFileType = folder.assetcatalog; path = Assets.xcassets; sourceTree = "<group>"; };
		88D839801F11198F00D4A26C /* Base */ = {isa = PBXFileReference; lastKnownFileType = file.storyboard; name = Base; path = Base.lproj/LaunchScreen.storyboard; sourceTree = "<group>"; };
		88D839821F11198F00D4A26C /* Info.plist */ = {isa = PBXFileReference; lastKnownFileType = text.plist.xml; path = Info.plist; sourceTree = "<group>"; };
		88D839871F11198F00D4A26C /* kumar_pTests.xctest */ = {isa = PBXFileReference; explicitFileType = wrapper.cfbundle; includeInIndex = 0; path = kumar_pTests.xctest; sourceTree = BUILT_PRODUCTS_DIR; };
		88D8398B1F11198F00D4A26C /* kumar_pTests.swift */ = {isa = PBXFileReference; lastKnownFileType = sourcecode.swift; path = kumar_pTests.swift; sourceTree = "<group>"; };
		88D8398D1F11198F00D4A26C /* Info.plist */ = {isa = PBXFileReference; lastKnownFileType = text.plist.xml; path = Info.plist; sourceTree = "<group>"; };
		88D839921F11198F00D4A26C /* kumar_pUITests.xctest */ = {isa = PBXFileReference; explicitFileType = wrapper.cfbundle; includeInIndex = 0; path = kumar_pUITests.xctest; sourceTree = BUILT_PRODUCTS_DIR; };
		88D839961F11198F00D4A26C /* kumar_pUITests.swift */ = {isa = PBXFileReference; lastKnownFileType = sourcecode.swift; path = kumar_pUITests.swift; sourceTree = "<group>"; };
		88D839981F11198F00D4A26C /* Info.plist */ = {isa = PBXFileReference; lastKnownFileType = text.plist.xml; path = Info.plist; sourceTree = "<group>"; };
		88D839A41F111D5200D4A26C /* massageViewController.swift */ = {isa = PBXFileReference; fileEncoding = 4; lastKnownFileType = sourcecode.swift; path = massageViewController.swift; sourceTree = "<group>"; };
		88D839A61F111E6A00D4A26C /* mapViewController.swift */ = {isa = PBXFileReference; fileEncoding = 4; lastKnownFileType = sourcecode.swift; path = mapViewController.swift; sourceTree = "<group>"; };
		88D839A91F111F5E00D4A26C /* MapKit.framework */ = {isa = PBXFileReference; lastKnownFileType = wrapper.framework; name = MapKit.framework; path = System/Library/Frameworks/MapKit.framework; sourceTree = SDKROOT; };
		88D839AE1F1127D200D4A26C /* boy.png */ = {isa = PBXFileReference; lastKnownFileType = image.png; path = boy.png; sourceTree = "<group>"; };
		88D839B41F112ADA00D4A26C /* haguruma.png */ = {isa = PBXFileReference; lastKnownFileType = image.png; path = haguruma.png; sourceTree = "<group>"; };
		88D839B61F1130E500D4A26C /* JSQMessagesViewController.framework */ = {isa = PBXFileReference; lastKnownFileType = wrapper.framework; name = JSQMessagesViewController.framework; path = "Pods/../build/Debug-iphoneos/JSQMessagesViewController/JSQMessagesViewController.framework"; sourceTree = "<group>"; };
		88D839B71F1130E500D4A26C /* JSQSystemSoundPlayer.framework */ = {isa = PBXFileReference; lastKnownFileType = wrapper.framework; name = JSQSystemSoundPlayer.framework; path = "Pods/../build/Debug-iphoneos/JSQSystemSoundPlayer/JSQSystemSoundPlayer.framework"; sourceTree = "<group>"; };
		88D839BB1F1132ED00D4A26C /* kumar_p-Bridging-Header.h */ = {isa = PBXFileReference; lastKnownFileType = sourcecode.c.h; path = "kumar_p-Bridging-Header.h"; sourceTree = "<group>"; };
		88D839BF1F113F9F00D4A26C /* speaking.png */ = {isa = PBXFileReference; lastKnownFileType = image.png; path = speaking.png; sourceTree = "<group>"; };
		88D839C31F11404D00D4A26C /* map.png */ = {isa = PBXFileReference; lastKnownFileType = image.png; path = map.png; sourceTree = "<group>"; };
		88D839C51F1140CA00D4A26C /* background.png */ = {isa = PBXFileReference; lastKnownFileType = image.png; path = background.png; sourceTree = "<group>"; };
		88D839C91F11463E00D4A26C /* speaking2.png */ = {isa = PBXFileReference; lastKnownFileType = image.png; path = speaking2.png; sourceTree = "<group>"; };
		88D839CB1F11464300D4A26C /* map2.png */ = {isa = PBXFileReference; lastKnownFileType = image.png; path = map2.png; sourceTree = "<group>"; };
		906C81113A7EE3ABD246E4B7 /* Pods-kumar_p.release.xcconfig */ = {isa = PBXFileReference; includeInIndex = 1; lastKnownFileType = text.xcconfig; name = "Pods-kumar_p.release.xcconfig"; path = "Pods/Target Support Files/Pods-kumar_p/Pods-kumar_p.release.xcconfig"; sourceTree = "<group>"; };
		B8388DBF3AD7470483286982 /* Pods_kumar_p.framework */ = {isa = PBXFileReference; explicitFileType = wrapper.framework; includeInIndex = 0; path = Pods_kumar_p.framework; sourceTree = BUILT_PRODUCTS_DIR; };
/* End PBXFileReference section */

/* Begin PBXFrameworksBuildPhase section */
		88D839701F11198F00D4A26C /* Frameworks */ = {
			isa = PBXFrameworksBuildPhase;
			buildActionMask = 2147483647;
			files = (
				88D839B81F1130E500D4A26C /* JSQMessagesViewController.framework in Frameworks */,
				88D839B91F1130E500D4A26C /* JSQSystemSoundPlayer.framework in Frameworks */,
				88D839AA1F111F5E00D4A26C /* MapKit.framework in Frameworks */,
				2F8DD9CFB15642451785FC72 /* Pods_kumar_p.framework in Frameworks */,
			);
			runOnlyForDeploymentPostprocessing = 0;
		};
		88D839841F11198F00D4A26C /* Frameworks */ = {
			isa = PBXFrameworksBuildPhase;
			buildActionMask = 2147483647;
			files = (
			);
			runOnlyForDeploymentPostprocessing = 0;
		};
		88D8398F1F11198F00D4A26C /* Frameworks */ = {
			isa = PBXFrameworksBuildPhase;
			buildActionMask = 2147483647;
			files = (
			);
			runOnlyForDeploymentPostprocessing = 0;
		};
/* End PBXFrameworksBuildPhase section */

/* Begin PBXGroup section */
		59BB57CF583F02FBA5B094E2 /* Pods */ = {
			isa = PBXGroup;
			children = (
				6002605039CE855405155D57 /* Pods-kumar_p.debug.xcconfig */,
				906C81113A7EE3ABD246E4B7 /* Pods-kumar_p.release.xcconfig */,
			);
			name = Pods;
			sourceTree = "<group>";
		};
		88D8396A1F11198F00D4A26C = {
			isa = PBXGroup;
			children = (
				88D839AB1F1125C800D4A26C /* images */,
				88D839751F11198F00D4A26C /* kumar_p */,
				88D8398A1F11198F00D4A26C /* kumar_pTests */,
				88D839951F11198F00D4A26C /* kumar_pUITests */,
				88D839741F11198F00D4A26C /* Products */,
				88D839A81F111F5E00D4A26C /* Frameworks */,
				59BB57CF583F02FBA5B094E2 /* Pods */,
			);
			sourceTree = "<group>";
		};
		88D839741F11198F00D4A26C /* Products */ = {
			isa = PBXGroup;
			children = (
				88D839731F11198F00D4A26C /* kumar_p.app */,
				88D839871F11198F00D4A26C /* kumar_pTests.xctest */,
				88D839921F11198F00D4A26C /* kumar_pUITests.xctest */,
			);
			name = Products;
			sourceTree = "<group>";
		};
		88D839751F11198F00D4A26C /* kumar_p */ = {
			isa = PBXGroup;
			children = (
				88D839761F11198F00D4A26C /* AppDelegate.swift */,
				88D839781F11198F00D4A26C /* ViewController.swift */,
				88D8397A1F11198F00D4A26C /* Main.storyboard */,
				88D8397D1F11198F00D4A26C /* Assets.xcassets */,
				88D8397F1F11198F00D4A26C /* LaunchScreen.storyboard */,
				88D839821F11198F00D4A26C /* Info.plist */,
				88D839A41F111D5200D4A26C /* massageViewController.swift */,
				88D839A61F111E6A00D4A26C /* mapViewController.swift */,
				88D839BB1F1132ED00D4A26C /* kumar_p-Bridging-Header.h */,
			);
			path = kumar_p;
			sourceTree = "<group>";
		};
		88D8398A1F11198F00D4A26C /* kumar_pTests */ = {
			isa = PBXGroup;
			children = (
				88D8398B1F11198F00D4A26C /* kumar_pTests.swift */,
				88D8398D1F11198F00D4A26C /* Info.plist */,
			);
			path = kumar_pTests;
			sourceTree = "<group>";
		};
		88D839951F11198F00D4A26C /* kumar_pUITests */ = {
			isa = PBXGroup;
			children = (
				88D839961F11198F00D4A26C /* kumar_pUITests.swift */,
				88D839981F11198F00D4A26C /* Info.plist */,
			);
			path = kumar_pUITests;
			sourceTree = "<group>";
		};
		88D839A81F111F5E00D4A26C /* Frameworks */ = {
			isa = PBXGroup;
			children = (
				88D839B61F1130E500D4A26C /* JSQMessagesViewController.framework */,
				88D839B71F1130E500D4A26C /* JSQSystemSoundPlayer.framework */,
				88D839A91F111F5E00D4A26C /* MapKit.framework */,
				B8388DBF3AD7470483286982 /* Pods_kumar_p.framework */,
			);
			name = Frameworks;
			sourceTree = "<group>";
		};
		88D839AB1F1125C800D4A26C /* images */ = {
			isa = PBXGroup;
			children = (
				88D839C51F1140CA00D4A26C /* background.png */,
				88D839BF1F113F9F00D4A26C /* speaking.png */,
				88D839C91F11463E00D4A26C /* speaking2.png */,
				88D839CB1F11464300D4A26C /* map2.png */,
				88D839C31F11404D00D4A26C /* map.png */,
				88D839AE1F1127D200D4A26C /* boy.png */,
				88D839B41F112ADA00D4A26C /* haguruma.png */,
				886593131F118370002884D5 /* botton_top.png */,
				8865930F1F118323002884D5 /* background_iphone7_top-01.png */,
			);
			name = images;
			sourceTree = "<group>";
		};
/* End PBXGroup section */

/* Begin PBXNativeTarget section */
		88D839721F11198F00D4A26C /* kumar_p */ = {
			isa = PBXNativeTarget;
			buildConfigurationList = 88D8399B1F11198F00D4A26C /* Build configuration list for PBXNativeTarget "kumar_p" */;
			buildPhases = (
				6AC316C372E4A4C1A429FBC7 /* [CP] Check Pods Manifest.lock */,
				88D8396F1F11198F00D4A26C /* Sources */,
				88D839701F11198F00D4A26C /* Frameworks */,
				88D839711F11198F00D4A26C /* Resources */,
				2F41D821E8E346D26993E682 /* [CP] Embed Pods Frameworks */,
				E44D3375465DA4B922D7DA75 /* [CP] Copy Pods Resources */,
			);
			buildRules = (
			);
			dependencies = (
			);
			name = kumar_p;
			productName = kumar_p;
			productReference = 88D839731F11198F00D4A26C /* kumar_p.app */;
			productType = "com.apple.product-type.application";
		};
		88D839861F11198F00D4A26C /* kumar_pTests */ = {
			isa = PBXNativeTarget;
			buildConfigurationList = 88D8399E1F11198F00D4A26C /* Build configuration list for PBXNativeTarget "kumar_pTests" */;
			buildPhases = (
				88D839831F11198F00D4A26C /* Sources */,
				88D839841F11198F00D4A26C /* Frameworks */,
				88D839851F11198F00D4A26C /* Resources */,
			);
			buildRules = (
			);
			dependencies = (
				88D839891F11198F00D4A26C /* PBXTargetDependency */,
			);
			name = kumar_pTests;
			productName = kumar_pTests;
			productReference = 88D839871F11198F00D4A26C /* kumar_pTests.xctest */;
			productType = "com.apple.product-type.bundle.unit-test";
		};
		88D839911F11198F00D4A26C /* kumar_pUITests */ = {
			isa = PBXNativeTarget;
			buildConfigurationList = 88D839A11F11198F00D4A26C /* Build configuration list for PBXNativeTarget "kumar_pUITests" */;
			buildPhases = (
				88D8398E1F11198F00D4A26C /* Sources */,
				88D8398F1F11198F00D4A26C /* Frameworks */,
				88D839901F11198F00D4A26C /* Resources */,
			);
			buildRules = (
			);
			dependencies = (
				88D839941F11198F00D4A26C /* PBXTargetDependency */,
			);
			name = kumar_pUITests;
			productName = kumar_pUITests;
			productReference = 88D839921F11198F00D4A26C /* kumar_pUITests.xctest */;
			productType = "com.apple.product-type.bundle.ui-testing";
		};
/* End PBXNativeTarget section */

/* Begin PBXProject section */
		88D8396B1F11198F00D4A26C /* Project object */ = {
			isa = PBXProject;
			attributes = {
				LastSwiftUpdateCheck = 0830;
				LastUpgradeCheck = 0830;
				ORGANIZATIONNAME = "Takuya Kudo";
				TargetAttributes = {
					88D839721F11198F00D4A26C = {
						CreatedOnToolsVersion = 8.3.3;
						DevelopmentTeam = 89368WAFTH;
						LastSwiftMigration = 0830;
						ProvisioningStyle = Automatic;
					};
					88D839861F11198F00D4A26C = {
						CreatedOnToolsVersion = 8.3.3;
						ProvisioningStyle = Automatic;
						TestTargetID = 88D839721F11198F00D4A26C;
					};
					88D839911F11198F00D4A26C = {
						CreatedOnToolsVersion = 8.3.3;
						ProvisioningStyle = Automatic;
						TestTargetID = 88D839721F11198F00D4A26C;
					};
				};
			};
			buildConfigurationList = 88D8396E1F11198F00D4A26C /* Build configuration list for PBXProject "kumar_p" */;
			compatibilityVersion = "Xcode 3.2";
			developmentRegion = English;
			hasScannedForEncodings = 0;
			knownRegions = (
				en,
				Base,
			);
			mainGroup = 88D8396A1F11198F00D4A26C;
			productRefGroup = 88D839741F11198F00D4A26C /* Products */;
			projectDirPath = "";
			projectRoot = "";
			targets = (
				88D839721F11198F00D4A26C /* kumar_p */,
				88D839861F11198F00D4A26C /* kumar_pTests */,
				88D839911F11198F00D4A26C /* kumar_pUITests */,
			);
		};
/* End PBXProject section */

/* Begin PBXResourcesBuildPhase section */
		88D839711F11198F00D4A26C /* Resources */ = {
			isa = PBXResourcesBuildPhase;
			buildActionMask = 2147483647;
			files = (
				88D839AF1F1127D200D4A26C /* boy.png in Resources */,
				886593141F118370002884D5 /* botton_top.png in Resources */,
				88D839CC1F11464300D4A26C /* map2.png in Resources */,
				88D839C61F1140CA00D4A26C /* background.png in Resources */,
				88D839C01F113F9F00D4A26C /* speaking.png in Resources */,
				88D839811F11198F00D4A26C /* LaunchScreen.storyboard in Resources */,
				88D8397E1F11198F00D4A26C /* Assets.xcassets in Resources */,
				88D839CA1F11463E00D4A26C /* speaking2.png in Resources */,
				88D839C41F11404D00D4A26C /* map.png in Resources */,
				88D8397C1F11198F00D4A26C /* Main.storyboard in Resources */,
				886593101F118323002884D5 /* background_iphone7_top-01.png in Resources */,
				88D839B51F112ADA00D4A26C /* haguruma.png in Resources */,
			);
			runOnlyForDeploymentPostprocessing = 0;
		};
		88D839851F11198F00D4A26C /* Resources */ = {
			isa = PBXResourcesBuildPhase;
			buildActionMask = 2147483647;
			files = (
			);
			runOnlyForDeploymentPostprocessing = 0;
		};
		88D839901F11198F00D4A26C /* Resources */ = {
			isa = PBXResourcesBuildPhase;
			buildActionMask = 2147483647;
			files = (
			);
			runOnlyForDeploymentPostprocessing = 0;
		};
/* End PBXResourcesBuildPhase section */

/* Begin PBXShellScriptBuildPhase section */
		2F41D821E8E346D26993E682 /* [CP] Embed Pods Frameworks */ = {
			isa = PBXShellScriptBuildPhase;
			buildActionMask = 2147483647;
			files = (
			);
			inputPaths = (
			);
			name = "[CP] Embed Pods Frameworks";
			outputPaths = (
			);
			runOnlyForDeploymentPostprocessing = 0;
			shellPath = /bin/sh;
			shellScript = "\"${SRCROOT}/Pods/Target Support Files/Pods-kumar_p/Pods-kumar_p-frameworks.sh\"\n";
			showEnvVarsInLog = 0;
		};
		6AC316C372E4A4C1A429FBC7 /* [CP] Check Pods Manifest.lock */ = {
			isa = PBXShellScriptBuildPhase;
			buildActionMask = 2147483647;
			files = (
			);
			inputPaths = (
			);
			name = "[CP] Check Pods Manifest.lock";
			outputPaths = (
			);
			runOnlyForDeploymentPostprocessing = 0;
			shellPath = /bin/sh;
			shellScript = "diff \"${PODS_PODFILE_DIR_PATH}/Podfile.lock\" \"${PODS_ROOT}/Manifest.lock\" > /dev/null\nif [ $? != 0 ] ; then\n    # print error to STDERR\n    echo \"error: The sandbox is not in sync with the Podfile.lock. Run 'pod install' or update your CocoaPods installation.\" >&2\n    exit 1\nfi\n";
			showEnvVarsInLog = 0;
		};
		E44D3375465DA4B922D7DA75 /* [CP] Copy Pods Resources */ = {
			isa = PBXShellScriptBuildPhase;
			buildActionMask = 2147483647;
			files = (
			);
			inputPaths = (
			);
			name = "[CP] Copy Pods Resources";
			outputPaths = (
			);
			runOnlyForDeploymentPostprocessing = 0;
			shellPath = /bin/sh;
			shellScript = "\"${SRCROOT}/Pods/Target Support Files/Pods-kumar_p/Pods-kumar_p-resources.sh\"\n";
			showEnvVarsInLog = 0;
		};
/* End PBXShellScriptBuildPhase section */

/* Begin PBXSourcesBuildPhase section */
		88D8396F1F11198F00D4A26C /* Sources */ = {
			isa = PBXSourcesBuildPhase;
			buildActionMask = 2147483647;
			files = (
				88D839A51F111D5200D4A26C /* massageViewController.swift in Sources */,
				88D839791F11198F00D4A26C /* ViewController.swift in Sources */,
				88D839771F11198F00D4A26C /* AppDelegate.swift in Sources */,
				88D839A71F111E6A00D4A26C /* mapViewController.swift in Sources */,
			);
			runOnlyForDeploymentPostprocessing = 0;
		};
		88D839831F11198F00D4A26C /* Sources */ = {
			isa = PBXSourcesBuildPhase;
			buildActionMask = 2147483647;
			files = (
				88D8398C1F11198F00D4A26C /* kumar_pTests.swift in Sources */,
			);
			runOnlyForDeploymentPostprocessing = 0;
		};
		88D8398E1F11198F00D4A26C /* Sources */ = {
			isa = PBXSourcesBuildPhase;
			buildActionMask = 2147483647;
			files = (
				88D839971F11198F00D4A26C /* kumar_pUITests.swift in Sources */,
			);
			runOnlyForDeploymentPostprocessing = 0;
		};
/* End PBXSourcesBuildPhase section */

/* Begin PBXTargetDependency section */
		88D839891F11198F00D4A26C /* PBXTargetDependency */ = {
			isa = PBXTargetDependency;
			target = 88D839721F11198F00D4A26C /* kumar_p */;
			targetProxy = 88D839881F11198F00D4A26C /* PBXContainerItemProxy */;
		};
		88D839941F11198F00D4A26C /* PBXTargetDependency */ = {
			isa = PBXTargetDependency;
			target = 88D839721F11198F00D4A26C /* kumar_p */;
			targetProxy = 88D839931F11198F00D4A26C /* PBXContainerItemProxy */;
		};
/* End PBXTargetDependency section */

/* Begin PBXVariantGroup section */
		88D8397A1F11198F00D4A26C /* Main.storyboard */ = {
			isa = PBXVariantGroup;
			children = (
				88D8397B1F11198F00D4A26C /* Base */,
			);
			name = Main.storyboard;
			sourceTree = "<group>";
		};
		88D8397F1F11198F00D4A26C /* LaunchScreen.storyboard */ = {
			isa = PBXVariantGroup;
			children = (
				88D839801F11198F00D4A26C /* Base */,
			);
			name = LaunchScreen.storyboard;
			sourceTree = "<group>";
		};
/* End PBXVariantGroup section */

/* Begin XCBuildConfiguration section */
		88D839991F11198F00D4A26C /* Debug */ = {
			isa = XCBuildConfiguration;
			buildSettings = {
				ALWAYS_SEARCH_USER_PATHS = NO;
				CLANG_ANALYZER_NONNULL = YES;
				CLANG_ANALYZER_NUMBER_OBJECT_CONVERSION = YES_AGGRESSIVE;
				CLANG_CXX_LANGUAGE_STANDARD = "gnu++0x";
				CLANG_CXX_LIBRARY = "libc++";
				CLANG_ENABLE_MODULES = YES;
				CLANG_ENABLE_OBJC_ARC = YES;
				CLANG_WARN_BOOL_CONVERSION = YES;
				CLANG_WARN_CONSTANT_CONVERSION = YES;
				CLANG_WARN_DIRECT_OBJC_ISA_USAGE = YES_ERROR;
				CLANG_WARN_DOCUMENTATION_COMMENTS = YES;
				CLANG_WARN_EMPTY_BODY = YES;
				CLANG_WARN_ENUM_CONVERSION = YES;
				CLANG_WARN_INFINITE_RECURSION = YES;
				CLANG_WARN_INT_CONVERSION = YES;
				CLANG_WARN_OBJC_ROOT_CLASS = YES_ERROR;
				CLANG_WARN_SUSPICIOUS_MOVE = YES;
				CLANG_WARN_UNREACHABLE_CODE = YES;
				CLANG_WARN__DUPLICATE_METHOD_MATCH = YES;
				"CODE_SIGN_IDENTITY[sdk=iphoneos*]" = "iPhone Developer";
				COPY_PHASE_STRIP = NO;
				DEBUG_INFORMATION_FORMAT = dwarf;
				ENABLE_STRICT_OBJC_MSGSEND = YES;
				ENABLE_TESTABILITY = YES;
				GCC_C_LANGUAGE_STANDARD = gnu99;
				GCC_DYNAMIC_NO_PIC = NO;
				GCC_NO_COMMON_BLOCKS = YES;
				GCC_OPTIMIZATION_LEVEL = 0;
				GCC_PREPROCESSOR_DEFINITIONS = (
					"DEBUG=1",
					"$(inherited)",
				);
				GCC_WARN_64_TO_32_BIT_CONVERSION = YES;
				GCC_WARN_ABOUT_RETURN_TYPE = YES_ERROR;
				GCC_WARN_UNDECLARED_SELECTOR = YES;
				GCC_WARN_UNINITIALIZED_AUTOS = YES_AGGRESSIVE;
				GCC_WARN_UNUSED_FUNCTION = YES;
				GCC_WARN_UNUSED_VARIABLE = YES;
				IPHONEOS_DEPLOYMENT_TARGET = 10.3;
				MTL_ENABLE_DEBUG_INFO = YES;
				ONLY_ACTIVE_ARCH = YES;
				SDKROOT = iphoneos;
				SWIFT_ACTIVE_COMPILATION_CONDITIONS = DEBUG;
				SWIFT_OPTIMIZATION_LEVEL = "-Onone";
			};
			name = Debug;
		};
		88D8399A1F11198F00D4A26C /* Release */ = {
			isa = XCBuildConfiguration;
			buildSettings = {
				ALWAYS_SEARCH_USER_PATHS = NO;
				CLANG_ANALYZER_NONNULL = YES;
				CLANG_ANALYZER_NUMBER_OBJECT_CONVERSION = YES_AGGRESSIVE;
				CLANG_CXX_LANGUAGE_STANDARD = "gnu++0x";
				CLANG_CXX_LIBRARY = "libc++";
				CLANG_ENABLE_MODULES = YES;
				CLANG_ENABLE_OBJC_ARC = YES;
				CLANG_WARN_BOOL_CONVERSION = YES;
				CLANG_WARN_CONSTANT_CONVERSION = YES;
				CLANG_WARN_DIRECT_OBJC_ISA_USAGE = YES_ERROR;
				CLANG_WARN_DOCUMENTATION_COMMENTS = YES;
				CLANG_WARN_EMPTY_BODY = YES;
				CLANG_WARN_ENUM_CONVERSION = YES;
				CLANG_WARN_INFINITE_RECURSION = YES;
				CLANG_WARN_INT_CONVERSION = YES;
				CLANG_WARN_OBJC_ROOT_CLASS = YES_ERROR;
				CLANG_WARN_SUSPICIOUS_MOVE = YES;
				CLANG_WARN_UNREACHABLE_CODE = YES;
				CLANG_WARN__DUPLICATE_METHOD_MATCH = YES;
				"CODE_SIGN_IDENTITY[sdk=iphoneos*]" = "iPhone Developer";
				COPY_PHASE_STRIP = NO;
				DEBUG_INFORMATION_FORMAT = "dwarf-with-dsym";
				ENABLE_NS_ASSERTIONS = NO;
				ENABLE_STRICT_OBJC_MSGSEND = YES;
				GCC_C_LANGUAGE_STANDARD = gnu99;
				GCC_NO_COMMON_BLOCKS = YES;
				GCC_WARN_64_TO_32_BIT_CONVERSION = YES;
				GCC_WARN_ABOUT_RETURN_TYPE = YES_ERROR;
				GCC_WARN_UNDECLARED_SELECTOR = YES;
				GCC_WARN_UNINITIALIZED_AUTOS = YES_AGGRESSIVE;
				GCC_WARN_UNUSED_FUNCTION = YES;
				GCC_WARN_UNUSED_VARIABLE = YES;
				IPHONEOS_DEPLOYMENT_TARGET = 10.3;
				MTL_ENABLE_DEBUG_INFO = NO;
				SDKROOT = iphoneos;
				SWIFT_OPTIMIZATION_LEVEL = "-Owholemodule";
				VALIDATE_PRODUCT = YES;
			};
			name = Release;
		};
		88D8399C1F11198F00D4A26C /* Debug */ = {
			isa = XCBuildConfiguration;
			baseConfigurationReference = 6002605039CE855405155D57 /* Pods-kumar_p.debug.xcconfig */;
			buildSettings = {
				ASSETCATALOG_COMPILER_APPICON_NAME = AppIcon;
				CLANG_ENABLE_MODULES = YES;
				DEVELOPMENT_TEAM = 89368WAFTH;
				FRAMEWORK_SEARCH_PATHS = (
					"$(inherited)",
					"$(PROJECT_DIR)/build/Debug-iphoneos/JSQMessagesViewController",
					"$(PROJECT_DIR)/build/Debug-iphoneos/JSQSystemSoundPlayer",
				);
				INFOPLIST_FILE = kumar_p/Info.plist;
				LD_RUNPATH_SEARCH_PATHS = "$(inherited) @executable_path/Frameworks";
				PRODUCT_BUNDLE_IDENTIFIER = "kudotakuya.com.kumar-p";
				PRODUCT_NAME = "$(TARGET_NAME)";
				SWIFT_OBJC_BRIDGING_HEADER = "kumar_p/kumar_p-Bridging-Header.h";
				SWIFT_OPTIMIZATION_LEVEL = "-Onone";
				SWIFT_VERSION = 3.0;
			};
			name = Debug;
		};
		88D8399D1F11198F00D4A26C /* Release */ = {
			isa = XCBuildConfiguration;
			baseConfigurationReference = 906C81113A7EE3ABD246E4B7 /* Pods-kumar_p.release.xcconfig */;
			buildSettings = {
				ASSETCATALOG_COMPILER_APPICON_NAME = AppIcon;
				CLANG_ENABLE_MODULES = YES;
				DEVELOPMENT_TEAM = 89368WAFTH;
				FRAMEWORK_SEARCH_PATHS = (
					"$(inherited)",
					"$(PROJECT_DIR)/build/Debug-iphoneos/JSQMessagesViewController",
					"$(PROJECT_DIR)/build/Debug-iphoneos/JSQSystemSoundPlayer",
				);
				INFOPLIST_FILE = kumar_p/Info.plist;
				LD_RUNPATH_SEARCH_PATHS = "$(inherited) @executable_path/Frameworks";
				PRODUCT_BUNDLE_IDENTIFIER = "kudotakuya.com.kumar-p";
				PRODUCT_NAME = "$(TARGET_NAME)";
				SWIFT_OBJC_BRIDGING_HEADER = "kumar_p/kumar_p-Bridging-Header.h";
				SWIFT_VERSION = 3.0;
			};
			name = Release;
		};
		88D8399F1F11198F00D4A26C /* Debug */ = {
			isa = XCBuildConfiguration;
			buildSettings = {
				ALWAYS_EMBED_SWIFT_STANDARD_LIBRARIES = YES;
				BUNDLE_LOADER = "$(TEST_HOST)";
				INFOPLIST_FILE = kumar_pTests/Info.plist;
				LD_RUNPATH_SEARCH_PATHS = "$(inherited) @executable_path/Frameworks @loader_path/Frameworks";
				PRODUCT_BUNDLE_IDENTIFIER = "kudotakuya.com.kumar-pTests";
				PRODUCT_NAME = "$(TARGET_NAME)";
				SWIFT_VERSION = 3.0;
				TEST_HOST = "$(BUILT_PRODUCTS_DIR)/kumar_p.app/kumar_p";
			};
			name = Debug;
		};
		88D839A01F11198F00D4A26C /* Release */ = {
			isa = XCBuildConfiguration;
			buildSettings = {
				ALWAYS_EMBED_SWIFT_STANDARD_LIBRARIES = YES;
				BUNDLE_LOADER = "$(TEST_HOST)";
				INFOPLIST_FILE = kumar_pTests/Info.plist;
				LD_RUNPATH_SEARCH_PATHS = "$(inherited) @executable_path/Frameworks @loader_path/Frameworks";
				PRODUCT_BUNDLE_IDENTIFIER = "kudotakuya.com.kumar-pTests";
				PRODUCT_NAME = "$(TARGET_NAME)";
				SWIFT_VERSION = 3.0;
				TEST_HOST = "$(BUILT_PRODUCTS_DIR)/kumar_p.app/kumar_p";
			};
			name = Release;
		};
		88D839A21F11198F00D4A26C /* Debug */ = {
			isa = XCBuildConfiguration;
			buildSettings = {
				ALWAYS_EMBED_SWIFT_STANDARD_LIBRARIES = YES;
				INFOPLIST_FILE = kumar_pUITests/Info.plist;
				LD_RUNPATH_SEARCH_PATHS = "$(inherited) @executable_path/Frameworks @loader_path/Frameworks";
				PRODUCT_BUNDLE_IDENTIFIER = "kudotakuya.com.kumar-pUITests";
				PRODUCT_NAME = "$(TARGET_NAME)";
				SWIFT_VERSION = 3.0;
				TEST_TARGET_NAME = kumar_p;
			};
			name = Debug;
		};
		88D839A31F11198F00D4A26C /* Release */ = {
			isa = XCBuildConfiguration;
			buildSettings = {
				ALWAYS_EMBED_SWIFT_STANDARD_LIBRARIES = YES;
				INFOPLIST_FILE = kumar_pUITests/Info.plist;
				LD_RUNPATH_SEARCH_PATHS = "$(inherited) @executable_path/Frameworks @loader_path/Frameworks";
				PRODUCT_BUNDLE_IDENTIFIER = "kudotakuya.com.kumar-pUITests";
				PRODUCT_NAME = "$(TARGET_NAME)";
				SWIFT_VERSION = 3.0;
				TEST_TARGET_NAME = kumar_p;
			};
			name = Release;
		};
/* End XCBuildConfiguration section */

/* Begin XCConfigurationList section */
		88D8396E1F11198F00D4A26C /* Build configuration list for PBXProject "kumar_p" */ = {
			isa = XCConfigurationList;
			buildConfigurations = (
				88D839991F11198F00D4A26C /* Debug */,
				88D8399A1F11198F00D4A26C /* Release */,
			);
			defaultConfigurationIsVisible = 0;
			defaultConfigurationName = Release;
		};
		88D8399B1F11198F00D4A26C /* Build configuration list for PBXNativeTarget "kumar_p" */ = {
			isa = XCConfigurationList;
			buildConfigurations = (
				88D8399C1F11198F00D4A26C /* Debug */,
				88D8399D1F11198F00D4A26C /* Release */,
			);
			defaultConfigurationIsVisible = 0;
			defaultConfigurationName = Release;
		};
		88D8399E1F11198F00D4A26C /* Build configuration list for PBXNativeTarget "kumar_pTests" */ = {
			isa = XCConfigurationList;
			buildConfigurations = (
				88D8399F1F11198F00D4A26C /* Debug */,
				88D839A01F11198F00D4A26C /* Release */,
			);
			defaultConfigurationIsVisible = 0;
			defaultConfigurationName = Release;
		};
		88D839A11F11198F00D4A26C /* Build configuration list for PBXNativeTarget "kumar_pUITests" */ = {
			isa = XCConfigurationList;
			buildConfigurations = (
				88D839A21F11198F00D4A26C /* Debug */,
				88D839A31F11198F00D4A26C /* Release */,
			);
			defaultConfigurationIsVisible = 0;
			defaultConfigurationName = Release;
		};
/* End XCConfigurationList section */
	};
	rootObject = 88D8396B1F11198F00D4A26C /* Project object */;
}
